
Microsoft Visual Studio Solution File, Format Version 12.00
# Visual Studio Version 17
VisualStudioVersion = 17.0.32112.339
MinimumVisualStudioVersion = 10.0.40219.1
Project("{FAE04EC0-301F-11D3-BF4B-00C04F79EFBC}") = "Practica04_V1.2_JoseRR", "Practica04_V1.2_JoseRR.csproj", "{9F78B42C-C4E6-415A-8BEA-6EE74D5EDD45}"
EndProject
Global
	GlobalSection(SolutionConfigurationPlatforms) = preSolution
		Debug|Any CPU = Debug|Any CPU
		Release|Any CPU = Release|Any CPU
	EndGlobalSection
	GlobalSection(ProjectConfigurationPlatforms) = postSolution
		{9F78B42C-C4E6-415A-8BEA-6EE74D5EDD45}.Debug|Any CPU.ActiveCfg = Debug|Any CPU
		{9F78B42C-C4E6-415A-8BEA-6EE74D5EDD45}.Debug|Any CPU.Build.0 = Debug|Any CPU
		{9F78B42C-C4E6-415A-8BEA-6EE74D5EDD45}.Release|Any CPU.ActiveCfg = Release|Any CPU
		{9F78B42C-C4E6-415A-8BEA-6EE74D5EDD45}.Release|Any CPU.Build.0 = Release|Any CPU
	EndGlobalSection
	GlobalSection(SolutionProperties) = preSolution
		HideSolutionNode = FALSE
	EndGlobalSection
	GlobalSection(ExtensibilityGlobals) = postSolution
		SolutionGuid = {B0916F4A-F7BC-467A-A88E-3E98F83381D9}
	EndGlobalSection
EndGlobal
